# THIS IS AN AUTOGENERATED FILE. DO NOT EDIT THIS FILE DIRECTLY.
# yarn lockfile v1


neverthrow@^6.0.0:
  version "6.0.0"
  resolved "https://registry.yarnpkg.com/neverthrow/-/neverthrow-6.0.0.tgz#bacd7661cade296ccc5c35760bb3b679214155b6"
  integrity sha512-kPZKRs4VkdloCGQXPoP84q4sT/1Z+lYM61AXyV8wWa2hnuo5KpPBF2S3crSFnMrOgUISmEBP8Vo/ngGZX60NhA==

ts-array-length@^0.1.2:
  version "0.1.2"
  resolved "https://registry.yarnpkg.com/ts-array-length/-/ts-array-length-0.1.2.tgz#72efc8baf03830c5dc4c114fa995633f1bccda2a"
  integrity sha512-x/e5IkAhltwO/O9RZU4MQXlu8cAY9NJH6vwv53FgjK4Bmvwim3Ll6z5XB5xbP79v8Yu3g/fMI5sK42JKKEDudA==

typescript@^4.9.5:
  version "4.9.5"
  resolved "https://registry.yarnpkg.com/typescript/-/typescript-4.9.5.tgz#095979f9bcc0d09da324d58d03ce8f8374cbe65a"
  integrity sha512-1FXk9E2Hm+QzZQ7z+McJiHL4NW1F2EzMu9Nq9i3zAaGqibafqYwCVU6WyWAuyQRRzOlxou8xZSyXLEN8oKj24g==

zod@^3.20.6:
  version "3.20.6"
  resolved "https://registry.yarnpkg.com/zod/-/zod-3.20.6.tgz#2f2f08ff81291d47d99e86140fedb4e0db08361a"
  integrity sha512-oyu0m54SGCtzh6EClBVqDDlAYRz4jrVtKwQ7ZnsEmMI9HnzuZFj8QFwAY1M5uniIYACdGvv0PBWPF2kO0aNofA==
